
Microsoft Visual Studio Solution File, Format Version 12.00
# Visual Studio Version 17
VisualStudioVersion = 17.12.35707.178 d17.12
MinimumVisualStudioVersion = 10.0.40219.1
Project("{FAE04EC0-301F-11D3-BF4B-00C04F79EFBC}") = "John_Tran_Calculator", "John_Tran_Calculator\John_Tran_Calculator.csproj", "{202CF3CA-EDB0-4B5F-8388-259773547187}"
EndProject
Global
	GlobalSection(SolutionConfigurationPlatforms) = preSolution
		Debug|Any CPU = Debug|Any CPU
		Release|Any CPU = Release|Any CPU
	EndGlobalSection
	GlobalSection(ProjectConfigurationPlatforms) = postSolution
		{202CF3CA-EDB0-4B5F-8388-259773547187}.Debug|Any CPU.ActiveCfg = Debug|Any CPU
		{202CF3CA-EDB0-4B5F-8388-259773547187}.Debug|Any CPU.Build.0 = Debug|Any CPU
		{202CF3CA-EDB0-4B5F-8388-259773547187}.Release|Any CPU.ActiveCfg = Release|Any CPU
		{202CF3CA-EDB0-4B5F-8388-259773547187}.Release|Any CPU.Build.0 = Release|Any CPU
	EndGlobalSection
	GlobalSection(SolutionProperties) = preSolution
		HideSolutionNode = FALSE
	EndGlobalSection
EndGlobal
